
Microsoft Visual Studio Solution File, Format Version 12.00
# Visual Studio 15
VisualStudioVersion = 15.0.28307.779
MinimumVisualStudioVersion = 10.0.40219.1
Project("{9A19103F-16F7-4668-BE54-9A1E7A4F7556}") = "NCoreCoder.Aop", "NCoreCoder.Core\NCoreCoder.Aop.csproj", "{1BCB7EDD-E50C-4FB1-B205-D28F8E7089C3}"
EndProject
Project("{9A19103F-16F7-4668-BE54-9A1E7A4F7556}") = "Sample.Web", "Sample.Web\Sample.Web.csproj", "{72733AB8-210D-4C90-9718-DD4A5A3262C9}"
EndProject
Project("{9A19103F-16F7-4668-BE54-9A1E7A4F7556}") = "NCoreCoder.TestProject", "NCoreCoder.TestProject\NCoreCoder.TestProject.csproj", "{73CDCE2E-A8DF-4047-A7ED-D905A51C2CB7}"
EndProject
Project("{9A19103F-16F7-4668-BE54-9A1E7A4F7556}") = "EmitSample", "EmitSample\EmitSample.csproj", "{39A83450-A45E-4795-8AD9-CD87D749AA74}"
EndProject
Project("{FAE04EC0-301F-11D3-BF4B-00C04F79EFBC}") = "NfxSample", "NfxSample\NfxSample.csproj", "{17E93E88-DAD1-4D7E-9A23-0941D87B907D}"
EndProject
Global
	GlobalSection(SolutionConfigurationPlatforms) = preSolution
		Debug|Any CPU = Debug|Any CPU
		Release|Any CPU = Release|Any CPU
	EndGlobalSection
	GlobalSection(ProjectConfigurationPlatforms) = postSolution
		{1BCB7EDD-E50C-4FB1-B205-D28F8E7089C3}.Debug|Any CPU.ActiveCfg = Debug|Any CPU
		{1BCB7EDD-E50C-4FB1-B205-D28F8E7089C3}.Debug|Any CPU.Build.0 = Debug|Any CPU
		{1BCB7EDD-E50C-4FB1-B205-D28F8E7089C3}.Release|Any CPU.ActiveCfg = Release|Any CPU
		{1BCB7EDD-E50C-4FB1-B205-D28F8E7089C3}.Release|Any CPU.Build.0 = Release|Any CPU
		{72733AB8-210D-4C90-9718-DD4A5A3262C9}.Debug|Any CPU.ActiveCfg = Debug|Any CPU
		{72733AB8-210D-4C90-9718-DD4A5A3262C9}.Debug|Any CPU.Build.0 = Debug|Any CPU
		{72733AB8-210D-4C90-9718-DD4A5A3262C9}.Release|Any CPU.ActiveCfg = Release|Any CPU
		{72733AB8-210D-4C90-9718-DD4A5A3262C9}.Release|Any CPU.Build.0 = Release|Any CPU
		{73CDCE2E-A8DF-4047-A7ED-D905A51C2CB7}.Debug|Any CPU.ActiveCfg = Debug|Any CPU
		{73CDCE2E-A8DF-4047-A7ED-D905A51C2CB7}.Debug|Any CPU.Build.0 = Debug|Any CPU
		{73CDCE2E-A8DF-4047-A7ED-D905A51C2CB7}.Release|Any CPU.ActiveCfg = Release|Any CPU
		{73CDCE2E-A8DF-4047-A7ED-D905A51C2CB7}.Release|Any CPU.Build.0 = Release|Any CPU
		{39A83450-A45E-4795-8AD9-CD87D749AA74}.Debug|Any CPU.ActiveCfg = Debug|Any CPU
		{39A83450-A45E-4795-8AD9-CD87D749AA74}.Debug|Any CPU.Build.0 = Debug|Any CPU
		{39A83450-A45E-4795-8AD9-CD87D749AA74}.Release|Any CPU.ActiveCfg = Release|Any CPU
		{39A83450-A45E-4795-8AD9-CD87D749AA74}.Release|Any CPU.Build.0 = Release|Any CPU
		{17E93E88-DAD1-4D7E-9A23-0941D87B907D}.Debug|Any CPU.ActiveCfg = Debug|Any CPU
		{17E93E88-DAD1-4D7E-9A23-0941D87B907D}.Debug|Any CPU.Build.0 = Debug|Any CPU
		{17E93E88-DAD1-4D7E-9A23-0941D87B907D}.Release|Any CPU.ActiveCfg = Release|Any CPU
		{17E93E88-DAD1-4D7E-9A23-0941D87B907D}.Release|Any CPU.Build.0 = Release|Any CPU
	EndGlobalSection
	GlobalSection(SolutionProperties) = preSolution
		HideSolutionNode = FALSE
	EndGlobalSection
	GlobalSection(ExtensibilityGlobals) = postSolution
		SolutionGuid = {6BA5A576-367B-4B57-B997-191AD378859F}
	EndGlobalSection
EndGlobal
